
Microsoft Visual Studio Solution File, Format Version 12.00
# Visual Studio Version 16
VisualStudioVersion = 16.0.31702.278
MinimumVisualStudioVersion = 10.0.40219.1
Project("{9A19103F-16F7-4668-BE54-9A1E7A4F7556}") = "FileEditor", "FileEditor\FileEditor.csproj", "{A19F88C0-BC88-424E-B806-D55B540D3945}"
EndProject
Global
	GlobalSection(SolutionConfigurationPlatforms) = preSolution
		Debug|Any CPU = Debug|Any CPU
		Release|Any CPU = Release|Any CPU
	EndGlobalSection
	GlobalSection(ProjectConfigurationPlatforms) = postSolution
		{A19F88C0-BC88-424E-B806-D55B540D3945}.Debug|Any CPU.ActiveCfg = Debug|Any CPU
		{A19F88C0-BC88-424E-B806-D55B540D3945}.Debug|Any CPU.Build.0 = Debug|Any CPU
		{A19F88C0-BC88-424E-B806-D55B540D3945}.Release|Any CPU.ActiveCfg = Release|Any CPU
		{A19F88C0-BC88-424E-B806-D55B540D3945}.Release|Any CPU.Build.0 = Release|Any CPU
	EndGlobalSection
	GlobalSection(SolutionProperties) = preSolution
		HideSolutionNode = FALSE
	EndGlobalSection
	GlobalSection(ExtensibilityGlobals) = postSolution
		SolutionGuid = {7CD88AF2-1AB6-420C-831E-BC801F8059D1}
	EndGlobalSection
EndGlobal
